# This file is automatically @generated by Cargo.
# It is not intended for manual editing.
version = 4

[[package]]
name = "regex-lite"
version = "0.1.9"
source = "registry+https://github.com/rust-lang/crates.io-index"
checksum = "cab834c73d247e67f4fae452806d17d3c7501756d98c8808d7c9c7aa7d18f973"

[[package]]
name = "yabai"
version = "0.0.0"
dependencies = [
 "yabai-core",
 "yabai-ipc",
 "yabai-macos",
 "yabai-runtime",
 "yabai-sa",
]

[[package]]
name = "yabai-core"
version = "0.0.0"

[[package]]
name = "yabai-ipc"
version = "0.0.0"

[[package]]
name = "yabai-macos"
version = "0.0.0"
dependencies = [
 "yabai-core",
 "yabai-runtime",
]

[[package]]
name = "yabai-osax-common"
version = "0.0.0"

[[package]]
name = "yabai-runtime"
version = "0.0.0"
dependencies = [
 "regex-lite",
 "yabai-core",
]

[[package]]
name = "yabai-sa"
version = "0.0.0"
dependencies = [
 "yabai-osax-common",
]
