# This file is automatically @generated by Cargo.
# It is not intended for manual editing.
version = 4

[[package]]
name = "yabai"
version = "0.0.0"
dependencies = [
 "yabai-core",
 "yabai-ipc",
 "yabai-macos",
 "yabai-runtime",
 "yabai-sa",
]

[[package]]
name = "yabai-core"
version = "0.0.0"

[[package]]
name = "yabai-ipc"
version = "0.0.0"

[[package]]
name = "yabai-macos"
version = "0.0.0"
dependencies = [
 "yabai-core",
 "yabai-runtime",
]

[[package]]
name = "yabai-osax-common"
version = "0.0.0"

[[package]]
name = "yabai-osax-legacy"
version = "0.0.0"

[[package]]
name = "yabai-runtime"
version = "0.0.0"
dependencies = [
 "yabai-core",
]

[[package]]
name = "yabai-sa"
version = "0.0.0"
dependencies = [
 "yabai-osax-common",
]
